<?xml version="1.0" encoding="utf-8"?>
<Project ToolsVersion="4.0" xmlns="http://schemas.microsoft.com/developer/msbuild/2003">
  <ItemGroup>
    <Filter Include="Resources">
      <UniqueIdentifier>{c43e6880-6404-4392-8eda-f20781f73db6}</UniqueIdentifier>
    </Filter>
    <Filter Include="Source">
      <UniqueIdentifier>{731c501f-a903-44ac-96cf-441b7ab33eed}</UniqueIdentifier>
    </Filter>
    <Filter Include="Headers">
      <UniqueIdentifier>{ada31279-8f32-451b-897b-0098db7e1352}</UniqueIdentifier>
    </Filter>
  </ItemGroup>
  <ItemGroup>
    <ClCompile Include="src\XenoImp.cpp">
      <Filter>Source</Filter>
    </ClCompile>
    <ClCompile Include="src\XenoImport.cpp">
      <Filter>Source</Filter>
    </ClCompile>
    <ClCompile Include="src\DllEntry.cpp">
      <Filter>Source</Filter>
    </ClCompile>
  </ItemGroup>
  <ItemGroup>
    <ClInclude Include="src\XenoImport.h">
      <Filter>Headers</Filter>
    </ClInclude>
    <ClInclude Include="src\XenoMax.h">
      <Filter>Headers</Filter>
    </ClInclude>
    <ClInclude Include="src\resource.h">
      <Filter>Headers</Filter>
    </ClInclude>
  </ItemGroup>
  <ItemGroup>
    <ResourceCompile Include="src\XenoImp.rc">
      <Filter>Resources</Filter>
    </ResourceCompile>
    <ResourceCompile Include="3rd_party\xenolib\3rd_party\precore\MAXex\win\About.rc">
      <Filter>Resources</Filter>
    </ResourceCompile>
  </ItemGroup>
</Project>